
Microsoft Visual Studio Solution File, Format Version 12.00
# Visual Studio Version 16
VisualStudioVersion = 16.0.31729.503
MinimumVisualStudioVersion = 10.0.40219.1
Project("{FAE04EC0-301F-11D3-BF4B-00C04F79EFBC}") = "Calculator", "Calculator\Calculator.csproj", "{C54F8C9B-7251-4B47-965C-81CD775DC474}"
EndProject
Global
	GlobalSection(SolutionConfigurationPlatforms) = preSolution
		Debug|Any CPU = Debug|Any CPU
		Release|Any CPU = Release|Any CPU
	EndGlobalSection
	GlobalSection(ProjectConfigurationPlatforms) = postSolution
		{C54F8C9B-7251-4B47-965C-81CD775DC474}.Debug|Any CPU.ActiveCfg = Debug|Any CPU
		{C54F8C9B-7251-4B47-965C-81CD775DC474}.Debug|Any CPU.Build.0 = Debug|Any CPU
		{C54F8C9B-7251-4B47-965C-81CD775DC474}.Release|Any CPU.ActiveCfg = Release|Any CPU
		{C54F8C9B-7251-4B47-965C-81CD775DC474}.Release|Any CPU.Build.0 = Release|Any CPU
	EndGlobalSection
	GlobalSection(SolutionProperties) = preSolution
		HideSolutionNode = FALSE
	EndGlobalSection
	GlobalSection(ExtensibilityGlobals) = postSolution
		SolutionGuid = {33880170-BC3B-45C2-B9BF-0A7D937C868C}
	EndGlobalSection
EndGlobal
